// !$*UTF8*$!
{
	archiveVersion = 1;
	classes = {
	};
	objectVersion = 48;
	objects = {

/* Begin PBXBuildFile section */
		7F12074721A650EA00A251D1 /* YYTextView.m in Sources */ = {isa = PBXBuildFile; fileRef = 7F12071421A650EA00A251D1 /* YYTextView.m */; };
		7F12074821A650EA00A251D1 /* YYTextMagnifier.m in Sources */ = {isa = PBXBuildFile; fileRef = 7F12071821A650EA00A251D1 /* YYTextMagnifier.m */; };
		7F12074921A650EA00A251D1 /* YYTextContainerView.m in Sources */ = {isa = PBXBuildFile; fileRef = 7F12071B21A650EA00A251D1 /* YYTextContainerView.m */; };
		7F12074A21A650EA00A251D1 /* YYTextEffectWindow.m in Sources */ = {isa = PBXBuildFile; fileRef = 7F12071C21A650EA00A251D1 /* YYTextEffectWindow.m */; };
		7F12074B21A650EA00A251D1 /* YYTextInput.m in Sources */ = {isa = PBXBuildFile; fileRef = 7F12071E21A650EA00A251D1 /* YYTextInput.m */; };
		7F12074C21A650EA00A251D1 /* YYTextLayout.m in Sources */ = {isa = PBXBuildFile; fileRef = 7F12071F21A650EA00A251D1 /* YYTextLayout.m */; };
		7F12074D21A650EA00A251D1 /* YYTextLine.m in Sources */ = {isa = PBXBuildFile; fileRef = 7F12072121A650EA00A251D1 /* YYTextLine.m */; };
		7F12074E21A650EA00A251D1 /* YYTextSelectionView.m in Sources */ = {isa = PBXBuildFile; fileRef = 7F12072221A650EA00A251D1 /* YYTextSelectionView.m */; };
		7F12074F21A650EA00A251D1 /* YYTextKeyboardManager.m in Sources */ = {isa = PBXBuildFile; fileRef = 7F12072521A650EA00A251D1 /* YYTextKeyboardManager.m */; };
		7F12075021A650EA00A251D1 /* YYTextDebugOption.m in Sources */ = {isa = PBXBuildFile; fileRef = 7F12072721A650EA00A251D1 /* YYTextDebugOption.m */; };
		7F12075121A650EA00A251D1 /* YYLabel.m in Sources */ = {isa = PBXBuildFile; fileRef = 7F12072821A650EA00A251D1 /* YYLabel.m */; };
		7F12075221A650EA00A251D1 /* YYTextRunDelegate.m in Sources */ = {isa = PBXBuildFile; fileRef = 7F12072C21A650EA00A251D1 /* YYTextRunDelegate.m */; };
		7F12075321A650EA00A251D1 /* YYTextParser.m in Sources */ = {isa = PBXBuildFile; fileRef = 7F12072D21A650EA00A251D1 /* YYTextParser.m */; };
		7F12075421A650EA00A251D1 /* YYTextAttribute.m in Sources */ = {isa = PBXBuildFile; fileRef = 7F12073121A650EA00A251D1 /* YYTextAttribute.m */; };
		7F12075521A650EA00A251D1 /* YYTextArchiver.m in Sources */ = {isa = PBXBuildFile; fileRef = 7F12073321A650EA00A251D1 /* YYTextArchiver.m */; };
		7F12075621A650EA00A251D1 /* YYTextRubyAnnotation.m in Sources */ = {isa = PBXBuildFile; fileRef = 7F12073421A650EA00A251D1 /* YYTextRubyAnnotation.m */; };
		7F12075721A650EA00A251D1 /* YYTextUtilities.m in Sources */ = {isa = PBXBuildFile; fileRef = 7F12073721A650EA00A251D1 /* YYTextUtilities.m */; };
		7F12075821A650EA00A251D1 /* NSParagraphStyle+YYText.m in Sources */ = {isa = PBXBuildFile; fileRef = 7F12073821A650EA00A251D1 /* NSParagraphStyle+YYText.m */; };
		7F12075921A650EA00A251D1 /* NSAttributedString+YYText.m in Sources */ = {isa = PBXBuildFile; fileRef = 7F12073921A650EA00A251D1 /* NSAttributedString+YYText.m */; };
		7F12075A21A650EA00A251D1 /* UIPasteboard+YYText.m in Sources */ = {isa = PBXBuildFile; fileRef = 7F12073C21A650EA00A251D1 /* UIPasteboard+YYText.m */; };
		7F12075B21A650EA00A251D1 /* YYTextTransaction.m in Sources */ = {isa = PBXBuildFile; fileRef = 7F12074021A650EA00A251D1 /* YYTextTransaction.m */; };
		7F12075C21A650EA00A251D1 /* UIView+YYText.m in Sources */ = {isa = PBXBuildFile; fileRef = 7F12074121A650EA00A251D1 /* UIView+YYText.m */; };
		7F12075D21A650EA00A251D1 /* YYTextAsyncLayer.m in Sources */ = {isa = PBXBuildFile; fileRef = 7F12074421A650EA00A251D1 /* YYTextAsyncLayer.m */; };
		7F12075E21A650EA00A251D1 /* YYTextWeakProxy.m in Sources */ = {isa = PBXBuildFile; fileRef = 7F12074521A650EA00A251D1 /* YYTextWeakProxy.m */; };
		7F8191A3204D827400FCA686 /* AppDelegate.m in Sources */ = {isa = PBXBuildFile; fileRef = 7F8191A2204D827400FCA686 /* AppDelegate.m */; };
		7F8191A6204D827400FCA686 /* ViewController.m in Sources */ = {isa = PBXBuildFile; fileRef = 7F8191A5204D827400FCA686 /* ViewController.m */; };
		7F8191A9204D827400FCA686 /* Main.storyboard in Resources */ = {isa = PBXBuildFile; fileRef = 7F8191A7204D827400FCA686 /* Main.storyboard */; };
		7F8191AB204D827400FCA686 /* Assets.xcassets in Resources */ = {isa = PBXBuildFile; fileRef = 7F8191AA204D827400FCA686 /* Assets.xcassets */; };
		7F8191AE204D827400FCA686 /* LaunchScreen.storyboard in Resources */ = {isa = PBXBuildFile; fileRef = 7F8191AC204D827400FCA686 /* LaunchScreen.storyboard */; };
		7F8191B1204D827400FCA686 /* main.m in Sources */ = {isa = PBXBuildFile; fileRef = 7F8191B0204D827400FCA686 /* main.m */; };
		7F8191BB204D827400FCA686 /* AsynTagViewTests.m in Sources */ = {isa = PBXBuildFile; fileRef = 7F8191BA204D827400FCA686 /* AsynTagViewTests.m */; };
		7F8191C6204D827400FCA686 /* AsynTagViewUITests.m in Sources */ = {isa = PBXBuildFile; fileRef = 7F8191C5204D827400FCA686 /* AsynTagViewUITests.m */; };
		7F8191DA204D828100FCA686 /* NSMutableAttributedString+XWTagView.m in Sources */ = {isa = PBXBuildFile; fileRef = 7F8191D5204D828100FCA686 /* NSMutableAttributedString+XWTagView.m */; };
		7F8191DB204D828100FCA686 /* XWTagMaker.m in Sources */ = {isa = PBXBuildFile; fileRef = 7F8191D7204D828100FCA686 /* XWTagMaker.m */; };
		7F8191DC204D828100FCA686 /* XWTagView.m in Sources */ = {isa = PBXBuildFile; fileRef = 7F8191D9204D828100FCA686 /* XWTagView.m */; };
/* End PBXBuildFile section */

/* Begin PBXContainerItemProxy section */
		7F8191B7204D827400FCA686 /* PBXContainerItemProxy */ = {
			isa = PBXContainerItemProxy;
			containerPortal = 7F819196204D827400FCA686 /* Project object */;
			proxyType = 1;
			remoteGlobalIDString = 7F81919D204D827400FCA686;
			remoteInfo = AsynTagView;
		};
		7F8191C2204D827400FCA686 /* PBXContainerItemProxy */ = {
			isa = PBXContainerItemProxy;
			containerPortal = 7F819196204D827400FCA686 /* Project object */;
			proxyType = 1;
			remoteGlobalIDString = 7F81919D204D827400FCA686;
			remoteInfo = AsynTagView;
		};
/* End PBXContainerItemProxy section */

/* Begin PBXFileReference section */
		7F12071321A650EA00A251D1 /* YYText.h */ = {isa = PBXFileReference; fileEncoding = 4; lastKnownFileType = sourcecode.c.h; path = YYText.h; sourceTree = "<group>"; };
		7F12071421A650EA00A251D1 /* YYTextView.m */ = {isa = PBXFileReference; fileEncoding = 4; lastKnownFileType = sourcecode.c.objc; path = YYTextView.m; sourceTree = "<group>"; };
		7F12071621A650EA00A251D1 /* YYTextSelectionView.h */ = {isa = PBXFileReference; fileEncoding = 4; lastKnownFileType = sourcecode.c.h; path = YYTextSelectionView.h; sourceTree = "<group>"; };
		7F12071721A650EA00A251D1 /* YYTextLine.h */ = {isa = PBXFileReference; fileEncoding = 4; lastKnownFileType = sourcecode.c.h; path = YYTextLine.h; sourceTree = "<group>"; };
		7F12071821A650EA00A251D1 /* YYTextMagnifier.m */ = {isa = PBXFileReference; fileEncoding = 4; lastKnownFileType = sourcecode.c.objc; path = YYTextMagnifier.m; sourceTree = "<group>"; };
		7F12071921A650EA00A251D1 /* YYTextLayout.h */ = {isa = PBXFileReference; fileEncoding = 4; lastKnownFileType = sourcecode.c.h; path = YYTextLayout.h; sourceTree = "<group>"; };
		7F12071A21A650EA00A251D1 /* YYTextKeyboardManager.h */ = {isa = PBXFileReference; fileEncoding = 4; lastKnownFileType = sourcecode.c.h; path = YYTextKeyboardManager.h; sourceTree = "<group>"; };
		7F12071B21A650EA00A251D1 /* YYTextContainerView.m */ = {isa = PBXFileReference; fileEncoding = 4; lastKnownFileType = sourcecode.c.objc; path = YYTextContainerView.m; sourceTree = "<group>"; };
		7F12071C21A650EA00A251D1 /* YYTextEffectWindow.m */ = {isa = PBXFileReference; fileEncoding = 4; lastKnownFileType = sourcecode.c.objc; path = YYTextEffectWindow.m; sourceTree = "<group>"; };
		7F12071D21A650EA00A251D1 /* YYTextDebugOption.h */ = {isa = PBXFileReference; fileEncoding = 4; lastKnownFileType = sourcecode.c.h; path = YYTextDebugOption.h; sourceTree = "<group>"; };
		7F12071E21A650EA00A251D1 /* YYTextInput.m */ = {isa = PBXFileReference; fileEncoding = 4; lastKnownFileType = sourcecode.c.objc; path = YYTextInput.m; sourceTree = "<group>"; };
		7F12071F21A650EA00A251D1 /* YYTextLayout.m */ = {isa = PBXFileReference; fileEncoding = 4; lastKnownFileType = sourcecode.c.objc; path = YYTextLayout.m; sourceTree = "<group>"; };
		7F12072021A650EA00A251D1 /* YYTextMagnifier.h */ = {isa = PBXFileReference; fileEncoding = 4; lastKnownFileType = sourcecode.c.h; path = YYTextMagnifier.h; sourceTree = "<group>"; };
		7F12072121A650EA00A251D1 /* YYTextLine.m */ = {isa = PBXFileReference; fileEncoding = 4; lastKnownFileType = sourcecode.c.objc; path = YYTextLine.m; sourceTree = "<group>"; };
		7F12072221A650EA00A251D1 /* YYTextSelectionView.m */ = {isa = PBXFileReference; fileEncoding = 4; lastKnownFileType = sourcecode.c.objc; path = YYTextSelectionView.m; sourceTree = "<group>"; };
		7F12072321A650EA00A251D1 /* YYTextEffectWindow.h */ = {isa = PBXFileReference; fileEncoding = 4; lastKnownFileType = sourcecode.c.h; path = YYTextEffectWindow.h; sourceTree = "<group>"; };
		7F12072421A650EA00A251D1 /* YYTextContainerView.h */ = {isa = PBXFileReference; fileEncoding = 4; lastKnownFileType = sourcecode.c.h; path = YYTextContainerView.h; sourceTree = "<group>"; };
		7F12072521A650EA00A251D1 /* YYTextKeyboardManager.m */ = {isa = PBXFileReference; fileEncoding = 4; lastKnownFileType = sourcecode.c.objc; path = YYTextKeyboardManager.m; sourceTree = "<group>"; };
		7F12072621A650EA00A251D1 /* YYTextInput.h */ = {isa = PBXFileReference; fileEncoding = 4; lastKnownFileType = sourcecode.c.h; path = YYTextInput.h; sourceTree = "<group>"; };
		7F12072721A650EA00A251D1 /* YYTextDebugOption.m */ = {isa = PBXFileReference; fileEncoding = 4; lastKnownFileType = sourcecode.c.objc; path = YYTextDebugOption.m; sourceTree = "<group>"; };
		7F12072821A650EA00A251D1 /* YYLabel.m */ = {isa = PBXFileReference; fileEncoding = 4; lastKnownFileType = sourcecode.c.objc; path = YYLabel.m; sourceTree = "<group>"; };
		7F12072921A650EA00A251D1 /* YYTextView.h */ = {isa = PBXFileReference; fileEncoding = 4; lastKnownFileType = sourcecode.c.h; path = YYTextView.h; sourceTree = "<group>"; };
		7F12072B21A650EA00A251D1 /* YYTextAttribute.h */ = {isa = PBXFileReference; fileEncoding = 4; lastKnownFileType = sourcecode.c.h; path = YYTextAttribute.h; sourceTree = "<group>"; };
		7F12072C21A650EA00A251D1 /* YYTextRunDelegate.m */ = {isa = PBXFileReference; fileEncoding = 4; lastKnownFileType = sourcecode.c.objc; path = YYTextRunDelegate.m; sourceTree = "<group>"; };
		7F12072D21A650EA00A251D1 /* YYTextParser.m */ = {isa = PBXFileReference; fileEncoding = 4; lastKnownFileType = sourcecode.c.objc; path = YYTextParser.m; sourceTree = "<group>"; };
		7F12072E21A650EA00A251D1 /* YYTextRubyAnnotation.h */ = {isa = PBXFileReference; fileEncoding = 4; lastKnownFileType = sourcecode.c.h; path = YYTextRubyAnnotation.h; sourceTree = "<group>"; };
		7F12072F21A650EA00A251D1 /* YYTextArchiver.h */ = {isa = PBXFileReference; fileEncoding = 4; lastKnownFileType = sourcecode.c.h; path = YYTextArchiver.h; sourceTree = "<group>"; };
		7F12073021A650EA00A251D1 /* YYTextRunDelegate.h */ = {isa = PBXFileReference; fileEncoding = 4; lastKnownFileType = sourcecode.c.h; path = YYTextRunDelegate.h; sourceTree = "<group>"; };
		7F12073121A650EA00A251D1 /* YYTextAttribute.m */ = {isa = PBXFileReference; fileEncoding = 4; lastKnownFileType = sourcecode.c.objc; path = YYTextAttribute.m; sourceTree = "<group>"; };
		7F12073221A650EA00A251D1 /* YYTextParser.h */ = {isa = PBXFileReference; fileEncoding = 4; lastKnownFileType = sourcecode.c.h; path = YYTextParser.h; sourceTree = "<group>"; };
		7F12073321A650EA00A251D1 /* YYTextArchiver.m */ = {isa = PBXFileReference; fileEncoding = 4; lastKnownFileType = sourcecode.c.objc; path = YYTextArchiver.m; sourceTree = "<group>"; };
		7F12073421A650EA00A251D1 /* YYTextRubyAnnotation.m */ = {isa = PBXFileReference; fileEncoding = 4; lastKnownFileType = sourcecode.c.objc; path = YYTextRubyAnnotation.m; sourceTree = "<group>"; };
		7F12073521A650EA00A251D1 /* YYLabel.h */ = {isa = PBXFileReference; fileEncoding = 4; lastKnownFileType = sourcecode.c.h; path = YYLabel.h; sourceTree = "<group>"; };
		7F12073721A650EA00A251D1 /* YYTextUtilities.m */ = {isa = PBXFileReference; fileEncoding = 4; lastKnownFileType = sourcecode.c.objc; path = YYTextUtilities.m; sourceTree = "<group>"; };
		7F12073821A650EA00A251D1 /* NSParagraphStyle+YYText.m */ = {isa = PBXFileReference; fileEncoding = 4; lastKnownFileType = sourcecode.c.objc; path = "NSParagraphStyle+YYText.m"; sourceTree = "<group>"; };
		7F12073921A650EA00A251D1 /* NSAttributedString+YYText.m */ = {isa = PBXFileReference; fileEncoding = 4; lastKnownFileType = sourcecode.c.objc; path = "NSAttributedString+YYText.m"; sourceTree = "<group>"; };
		7F12073A21A650EA00A251D1 /* UIView+YYText.h */ = {isa = PBXFileReference; fileEncoding = 4; lastKnownFileType = sourcecode.c.h; path = "UIView+YYText.h"; sourceTree = "<group>"; };
		7F12073B21A650EA00A251D1 /* YYTextTransaction.h */ = {isa = PBXFileReference; fileEncoding = 4; lastKnownFileType = sourcecode.c.h; path = YYTextTransaction.h; sourceTree = "<group>"; };
		7F12073C21A650EA00A251D1 /* UIPasteboard+YYText.m */ = {isa = PBXFileReference; fileEncoding = 4; lastKnownFileType = sourcecode.c.objc; path = "UIPasteboard+YYText.m"; sourceTree = "<group>"; };
		7F12073D21A650EA00A251D1 /* YYTextWeakProxy.h */ = {isa = PBXFileReference; fileEncoding = 4; lastKnownFileType = sourcecode.c.h; path = YYTextWeakProxy.h; sourceTree = "<group>"; };
		7F12073E21A650EA00A251D1 /* YYTextAsyncLayer.h */ = {isa = PBXFileReference; fileEncoding = 4; lastKnownFileType = sourcecode.c.h; path = YYTextAsyncLayer.h; sourceTree = "<group>"; };
		7F12073F21A650EA00A251D1 /* YYTextUtilities.h */ = {isa = PBXFileReference; fileEncoding = 4; lastKnownFileType = sourcecode.c.h; path = YYTextUtilities.h; sourceTree = "<group>"; };
		7F12074021A650EA00A251D1 /* YYTextTransaction.m */ = {isa = PBXFileReference; fileEncoding = 4; lastKnownFileType = sourcecode.c.objc; path = YYTextTransaction.m; sourceTree = "<group>"; };
		7F12074121A650EA00A251D1 /* UIView+YYText.m */ = {isa = PBXFileReference; fileEncoding = 4; lastKnownFileType = sourcecode.c.objc; path = "UIView+YYText.m"; sourceTree = "<group>"; };
		7F12074221A650EA00A251D1 /* NSAttributedString+YYText.h */ = {isa = PBXFileReference; fileEncoding = 4; lastKnownFileType = sourcecode.c.h; path = "NSAttributedString+YYText.h"; sourceTree = "<group>"; };
		7F12074321A650EA00A251D1 /* NSParagraphStyle+YYText.h */ = {isa = PBXFileReference; fileEncoding = 4; lastKnownFileType = sourcecode.c.h; path = "NSParagraphStyle+YYText.h"; sourceTree = "<group>"; };
		7F12074421A650EA00A251D1 /* YYTextAsyncLayer.m */ = {isa = PBXFileReference; fileEncoding = 4; lastKnownFileType = sourcecode.c.objc; path = YYTextAsyncLayer.m; sourceTree = "<group>"; };
		7F12074521A650EA00A251D1 /* YYTextWeakProxy.m */ = {isa = PBXFileReference; fileEncoding = 4; lastKnownFileType = sourcecode.c.objc; path = YYTextWeakProxy.m; sourceTree = "<group>"; };
		7F12074621A650EA00A251D1 /* UIPasteboard+YYText.h */ = {isa = PBXFileReference; fileEncoding = 4; lastKnownFileType = sourcecode.c.h; path = "UIPasteboard+YYText.h"; sourceTree = "<group>"; };
		7F81919E204D827400FCA686 /* AsynTagView.app */ = {isa = PBXFileReference; explicitFileType = wrapper.application; includeInIndex = 0; path = AsynTagView.app; sourceTree = BUILT_PRODUCTS_DIR; };
		7F8191A1204D827400FCA686 /* AppDelegate.h */ = {isa = PBXFileReference; lastKnownFileType = sourcecode.c.h; path = AppDelegate.h; sourceTree = "<group>"; };
		7F8191A2204D827400FCA686 /* AppDelegate.m */ = {isa = PBXFileReference; lastKnownFileType = sourcecode.c.objc; path = AppDelegate.m; sourceTree = "<group>"; };
		7F8191A4204D827400FCA686 /* ViewController.h */ = {isa = PBXFileReference; lastKnownFileType = sourcecode.c.h; path = ViewController.h; sourceTree = "<group>"; };
		7F8191A5204D827400FCA686 /* ViewController.m */ = {isa = PBXFileReference; lastKnownFileType = sourcecode.c.objc; path = ViewController.m; sourceTree = "<group>"; };
		7F8191A8204D827400FCA686 /* Base */ = {isa = PBXFileReference; lastKnownFileType = file.storyboard; name = Base; path = Base.lproj/Main.storyboard; sourceTree = "<group>"; };
		7F8191AA204D827400FCA686 /* Assets.xcassets */ = {isa = PBXFileReference; lastKnownFileType = folder.assetcatalog; path = Assets.xcassets; sourceTree = "<group>"; };
		7F8191AD204D827400FCA686 /* Base */ = {isa = PBXFileReference; lastKnownFileType = file.storyboard; name = Base; path = Base.lproj/LaunchScreen.storyboard; sourceTree = "<group>"; };
		7F8191AF204D827400FCA686 /* Info.plist */ = {isa = PBXFileReference; lastKnownFileType = text.plist.xml; path = Info.plist; sourceTree = "<group>"; };
		7F8191B0204D827400FCA686 /* main.m */ = {isa = PBXFileReference; lastKnownFileType = sourcecode.c.objc; path = main.m; sourceTree = "<group>"; };
		7F8191B6204D827400FCA686 /* AsynTagViewTests.xctest */ = {isa = PBXFileReference; explicitFileType = wrapper.cfbundle; includeInIndex = 0; path = AsynTagViewTests.xctest; sourceTree = BUILT_PRODUCTS_DIR; };
		7F8191BA204D827400FCA686 /* AsynTagViewTests.m */ = {isa = PBXFileReference; lastKnownFileType = sourcecode.c.objc; path = AsynTagViewTests.m; sourceTree = "<group>"; };
		7F8191BC204D827400FCA686 /* Info.plist */ = {isa = PBXFileReference; lastKnownFileType = text.plist.xml; path = Info.plist; sourceTree = "<group>"; };
		7F8191C1204D827400FCA686 /* AsynTagViewUITests.xctest */ = {isa = PBXFileReference; explicitFileType = wrapper.cfbundle; includeInIndex = 0; path = AsynTagViewUITests.xctest; sourceTree = BUILT_PRODUCTS_DIR; };
		7F8191C5204D827400FCA686 /* AsynTagViewUITests.m */ = {isa = PBXFileReference; lastKnownFileType = sourcecode.c.objc; path = AsynTagViewUITests.m; sourceTree = "<group>"; };
		7F8191C7204D827400FCA686 /* Info.plist */ = {isa = PBXFileReference; lastKnownFileType = text.plist.xml; path = Info.plist; sourceTree = "<group>"; };
		7F8191D4204D828100FCA686 /* NSMutableAttributedString+XWTagView.h */ = {isa = PBXFileReference; fileEncoding = 4; lastKnownFileType = sourcecode.c.h; path = "NSMutableAttributedString+XWTagView.h"; sourceTree = "<group>"; };
		7F8191D5204D828100FCA686 /* NSMutableAttributedString+XWTagView.m */ = {isa = PBXFileReference; fileEncoding = 4; lastKnownFileType = sourcecode.c.objc; path = "NSMutableAttributedString+XWTagView.m"; sourceTree = "<group>"; };
		7F8191D6204D828100FCA686 /* XWTagMaker.h */ = {isa = PBXFileReference; fileEncoding = 4; lastKnownFileType = sourcecode.c.h; path = XWTagMaker.h; sourceTree = "<group>"; };
		7F8191D7204D828100FCA686 /* XWTagMaker.m */ = {isa = PBXFileReference; fileEncoding = 4; lastKnownFileType = sourcecode.c.objc; path = XWTagMaker.m; sourceTree = "<group>"; };
		7F8191D8204D828100FCA686 /* XWTagView.h */ = {isa = PBXFileReference; fileEncoding = 4; lastKnownFileType = sourcecode.c.h; path = XWTagView.h; sourceTree = "<group>"; };
		7F8191D9204D828100FCA686 /* XWTagView.m */ = {isa = PBXFileReference; fileEncoding = 4; lastKnownFileType = sourcecode.c.objc; path = XWTagView.m; sourceTree = "<group>"; };
/* End PBXFileReference section */

/* Begin PBXFrameworksBuildPhase section */
		7F81919B204D827400FCA686 /* Frameworks */ = {
			isa = PBXFrameworksBuildPhase;
			buildActionMask = 2147483647;
			files = (
			);
			runOnlyForDeploymentPostprocessing = 0;
		};
		7F8191B3204D827400FCA686 /* Frameworks */ = {
			isa = PBXFrameworksBuildPhase;
			buildActionMask = 2147483647;
			files = (
			);
			runOnlyForDeploymentPostprocessing = 0;
		};
		7F8191BE204D827400FCA686 /* Frameworks */ = {
			isa = PBXFrameworksBuildPhase;
			buildActionMask = 2147483647;
			files = (
			);
			runOnlyForDeploymentPostprocessing = 0;
		};
/* End PBXFrameworksBuildPhase section */

/* Begin PBXGroup section */
		7F12071221A650E900A251D1 /* YYText */ = {
			isa = PBXGroup;
			children = (
				7F12071321A650EA00A251D1 /* YYText.h */,
				7F12071421A650EA00A251D1 /* YYTextView.m */,
				7F12071521A650EA00A251D1 /* Component */,
				7F12072821A650EA00A251D1 /* YYLabel.m */,
				7F12072921A650EA00A251D1 /* YYTextView.h */,
				7F12072A21A650EA00A251D1 /* String */,
				7F12073521A650EA00A251D1 /* YYLabel.h */,
				7F12073621A650EA00A251D1 /* Utility */,
			);
			path = YYText;
			sourceTree = "<group>";
		};
		7F12071521A650EA00A251D1 /* Component */ = {
			isa = PBXGroup;
			children = (
				7F12071621A650EA00A251D1 /* YYTextSelectionView.h */,
				7F12071721A650EA00A251D1 /* YYTextLine.h */,
				7F12071821A650EA00A251D1 /* YYTextMagnifier.m */,
				7F12071921A650EA00A251D1 /* YYTextLayout.h */,
				7F12071A21A650EA00A251D1 /* YYTextKeyboardManager.h */,
				7F12071B21A650EA00A251D1 /* YYTextContainerView.m */,
				7F12071C21A650EA00A251D1 /* YYTextEffectWindow.m */,
				7F12071D21A650EA00A251D1 /* YYTextDebugOption.h */,
				7F12071E21A650EA00A251D1 /* YYTextInput.m */,
				7F12071F21A650EA00A251D1 /* YYTextLayout.m */,
				7F12072021A650EA00A251D1 /* YYTextMagnifier.h */,
				7F12072121A650EA00A251D1 /* YYTextLine.m */,
				7F12072221A650EA00A251D1 /* YYTextSelectionView.m */,
				7F12072321A650EA00A251D1 /* YYTextEffectWindow.h */,
				7F12072421A650EA00A251D1 /* YYTextContainerView.h */,
				7F12072521A650EA00A251D1 /* YYTextKeyboardManager.m */,
				7F12072621A650EA00A251D1 /* YYTextInput.h */,
				7F12072721A650EA00A251D1 /* YYTextDebugOption.m */,
			);
			path = Component;
			sourceTree = "<group>";
		};
		7F12072A21A650EA00A251D1 /* String */ = {
			isa = PBXGroup;
			children = (
				7F12072B21A650EA00A251D1 /* YYTextAttribute.h */,
				7F12072C21A650EA00A251D1 /* YYTextRunDelegate.m */,
				7F12072D21A650EA00A251D1 /* YYTextParser.m */,
				7F12072E21A650EA00A251D1 /* YYTextRubyAnnotation.h */,
				7F12072F21A650EA00A251D1 /* YYTextArchiver.h */,
				7F12073021A650EA00A251D1 /* YYTextRunDelegate.h */,
				7F12073121A650EA00A251D1 /* YYTextAttribute.m */,
				7F12073221A650EA00A251D1 /* YYTextParser.h */,
				7F12073321A650EA00A251D1 /* YYTextArchiver.m */,
				7F12073421A650EA00A251D1 /* YYTextRubyAnnotation.m */,
			);
			path = String;
			sourceTree = "<group>";
		};
		7F12073621A650EA00A251D1 /* Utility */ = {
			isa = PBXGroup;
			children = (
				7F12073721A650EA00A251D1 /* YYTextUtilities.m */,
				7F12073821A650EA00A251D1 /* NSParagraphStyle+YYText.m */,
				7F12073921A650EA00A251D1 /* NSAttributedString+YYText.m */,
				7F12073A21A650EA00A251D1 /* UIView+YYText.h */,
				7F12073B21A650EA00A251D1 /* YYTextTransaction.h */,
				7F12073C21A650EA00A251D1 /* UIPasteboard+YYText.m */,
				7F12073D21A650EA00A251D1 /* YYTextWeakProxy.h */,
				7F12073E21A650EA00A251D1 /* YYTextAsyncLayer.h */,
				7F12073F21A650EA00A251D1 /* YYTextUtilities.h */,
				7F12074021A650EA00A251D1 /* YYTextTransaction.m */,
				7F12074121A650EA00A251D1 /* UIView+YYText.m */,
				7F12074221A650EA00A251D1 /* NSAttributedString+YYText.h */,
				7F12074321A650EA00A251D1 /* NSParagraphStyle+YYText.h */,
				7F12074421A650EA00A251D1 /* YYTextAsyncLayer.m */,
				7F12074521A650EA00A251D1 /* YYTextWeakProxy.m */,
				7F12074621A650EA00A251D1 /* UIPasteboard+YYText.h */,
			);
			path = Utility;
			sourceTree = "<group>";
		};
		7F819195204D827400FCA686 = {
			isa = PBXGroup;
			children = (
				7F8191A0204D827400FCA686 /* AsynTagView */,
				7F8191B9204D827400FCA686 /* AsynTagViewTests */,
				7F8191C4204D827400FCA686 /* AsynTagViewUITests */,
				7F81919F204D827400FCA686 /* Products */,
			);
			sourceTree = "<group>";
		};
		7F81919F204D827400FCA686 /* Products */ = {
			isa = PBXGroup;
			children = (
				7F81919E204D827400FCA686 /* AsynTagView.app */,
				7F8191B6204D827400FCA686 /* AsynTagViewTests.xctest */,
				7F8191C1204D827400FCA686 /* AsynTagViewUITests.xctest */,
			);
			name = Products;
			sourceTree = "<group>";
		};
		7F8191A0204D827400FCA686 /* AsynTagView */ = {
			isa = PBXGroup;
			children = (
				7F12071221A650E900A251D1 /* YYText */,
				7F8191D3204D828100FCA686 /* XWTagView */,
				7F8191A1204D827400FCA686 /* AppDelegate.h */,
				7F8191A2204D827400FCA686 /* AppDelegate.m */,
				7F8191A4204D827400FCA686 /* ViewController.h */,
				7F8191A5204D827400FCA686 /* ViewController.m */,
				7F8191A7204D827400FCA686 /* Main.storyboard */,
				7F8191AA204D827400FCA686 /* Assets.xcassets */,
				7F8191AC204D827400FCA686 /* LaunchScreen.storyboard */,
				7F8191AF204D827400FCA686 /* Info.plist */,
				7F8191B0204D827400FCA686 /* main.m */,
			);
			path = AsynTagView;
			sourceTree = "<group>";
		};
		7F8191B9204D827400FCA686 /* AsynTagViewTests */ = {
			isa = PBXGroup;
			children = (
				7F8191BA204D827400FCA686 /* AsynTagViewTests.m */,
				7F8191BC204D827400FCA686 /* Info.plist */,
			);
			path = AsynTagViewTests;
			sourceTree = "<group>";
		};
		7F8191C4204D827400FCA686 /* AsynTagViewUITests */ = {
			isa = PBXGroup;
			children = (
				7F8191C5204D827400FCA686 /* AsynTagViewUITests.m */,
				7F8191C7204D827400FCA686 /* Info.plist */,
			);
			path = AsynTagViewUITests;
			sourceTree = "<group>";
		};
		7F8191D3204D828100FCA686 /* XWTagView */ = {
			isa = PBXGroup;
			children = (
				7F8191D4204D828100FCA686 /* NSMutableAttributedString+XWTagView.h */,
				7F8191D5204D828100FCA686 /* NSMutableAttributedString+XWTagView.m */,
				7F8191D6204D828100FCA686 /* XWTagMaker.h */,
				7F8191D7204D828100FCA686 /* XWTagMaker.m */,
				7F8191D8204D828100FCA686 /* XWTagView.h */,
				7F8191D9204D828100FCA686 /* XWTagView.m */,
			);
			path = XWTagView;
			sourceTree = "<group>";
		};
/* End PBXGroup section */

/* Begin PBXNativeTarget section */
		7F81919D204D827400FCA686 /* AsynTagView */ = {
			isa = PBXNativeTarget;
			buildConfigurationList = 7F8191CA204D827400FCA686 /* Build configuration list for PBXNativeTarget "AsynTagView" */;
			buildPhases = (
				7F81919A204D827400FCA686 /* Sources */,
				7F81919B204D827400FCA686 /* Frameworks */,
				7F81919C204D827400FCA686 /* Resources */,
			);
			buildRules = (
			);
			dependencies = (
			);
			name = AsynTagView;
			productName = AsynTagView;
			productReference = 7F81919E204D827400FCA686 /* AsynTagView.app */;
			productType = "com.apple.product-type.application";
		};
		7F8191B5204D827400FCA686 /* AsynTagViewTests */ = {
			isa = PBXNativeTarget;
			buildConfigurationList = 7F8191CD204D827400FCA686 /* Build configuration list for PBXNativeTarget "AsynTagViewTests" */;
			buildPhases = (
				7F8191B2204D827400FCA686 /* Sources */,
				7F8191B3204D827400FCA686 /* Frameworks */,
				7F8191B4204D827400FCA686 /* Resources */,
			);
			buildRules = (
			);
			dependencies = (
				7F8191B8204D827400FCA686 /* PBXTargetDependency */,
			);
			name = AsynTagViewTests;
			productName = AsynTagViewTests;
			productReference = 7F8191B6204D827400FCA686 /* AsynTagViewTests.xctest */;
			productType = "com.apple.product-type.bundle.unit-test";
		};
		7F8191C0204D827400FCA686 /* AsynTagViewUITests */ = {
			isa = PBXNativeTarget;
			buildConfigurationList = 7F8191D0204D827400FCA686 /* Build configuration list for PBXNativeTarget "AsynTagViewUITests" */;
			buildPhases = (
				7F8191BD204D827400FCA686 /* Sources */,
				7F8191BE204D827400FCA686 /* Frameworks */,
				7F8191BF204D827400FCA686 /* Resources */,
			);
			buildRules = (
			);
			dependencies = (
				7F8191C3204D827400FCA686 /* PBXTargetDependency */,
			);
			name = AsynTagViewUITests;
			productName = AsynTagViewUITests;
			productReference = 7F8191C1204D827400FCA686 /* AsynTagViewUITests.xctest */;
			productType = "com.apple.product-type.bundle.ui-testing";
		};
/* End PBXNativeTarget section */

/* Begin PBXProject section */
		7F819196204D827400FCA686 /* Project object */ = {
			isa = PBXProject;
			attributes = {
				LastUpgradeCheck = 0920;
				ORGANIZATIONNAME = wangjianshi;
				TargetAttributes = {
					7F81919D204D827400FCA686 = {
						CreatedOnToolsVersion = 9.2;
						ProvisioningStyle = Automatic;
					};
					7F8191B5204D827400FCA686 = {
						CreatedOnToolsVersion = 9.2;
						ProvisioningStyle = Automatic;
						TestTargetID = 7F81919D204D827400FCA686;
					};
					7F8191C0204D827400FCA686 = {
						CreatedOnToolsVersion = 9.2;
						ProvisioningStyle = Automatic;
						TestTargetID = 7F81919D204D827400FCA686;
					};
				};
			};
			buildConfigurationList = 7F819199204D827400FCA686 /* Build configuration list for PBXProject "AsynTagView" */;
			compatibilityVersion = "Xcode 8.0";
			developmentRegion = en;
			hasScannedForEncodings = 0;
			knownRegions = (
				en,
				Base,
			);
			mainGroup = 7F819195204D827400FCA686;
			productRefGroup = 7F81919F204D827400FCA686 /* Products */;
			projectDirPath = "";
			projectRoot = "";
			targets = (
				7F81919D204D827400FCA686 /* AsynTagView */,
				7F8191B5204D827400FCA686 /* AsynTagViewTests */,
				7F8191C0204D827400FCA686 /* AsynTagViewUITests */,
			);
		};
/* End PBXProject section */

/* Begin PBXResourcesBuildPhase section */
		7F81919C204D827400FCA686 /* Resources */ = {
			isa = PBXResourcesBuildPhase;
			buildActionMask = 2147483647;
			files = (
				7F8191AE204D827400FCA686 /* LaunchScreen.storyboard in Resources */,
				7F8191AB204D827400FCA686 /* Assets.xcassets in Resources */,
				7F8191A9204D827400FCA686 /* Main.storyboard in Resources */,
			);
			runOnlyForDeploymentPostprocessing = 0;
		};
		7F8191B4204D827400FCA686 /* Resources */ = {
			isa = PBXResourcesBuildPhase;
			buildActionMask = 2147483647;
			files = (
			);
			runOnlyForDeploymentPostprocessing = 0;
		};
		7F8191BF204D827400FCA686 /* Resources */ = {
			isa = PBXResourcesBuildPhase;
			buildActionMask = 2147483647;
			files = (
			);
			runOnlyForDeploymentPostprocessing = 0;
		};
/* End PBXResourcesBuildPhase section */

/* Begin PBXSourcesBuildPhase section */
		7F81919A204D827400FCA686 /* Sources */ = {
			isa = PBXSourcesBuildPhase;
			buildActionMask = 2147483647;
			files = (
				7F8191DC204D828100FCA686 /* XWTagView.m in Sources */,
				7F12075C21A650EA00A251D1 /* UIView+YYText.m in Sources */,
				7F12074921A650EA00A251D1 /* YYTextContainerView.m in Sources */,
				7F12074D21A650EA00A251D1 /* YYTextLine.m in Sources */,
				7F12075B21A650EA00A251D1 /* YYTextTransaction.m in Sources */,
				7F8191A6204D827400FCA686 /* ViewController.m in Sources */,
				7F8191B1204D827400FCA686 /* main.m in Sources */,
				7F12075021A650EA00A251D1 /* YYTextDebugOption.m in Sources */,
				7F12075821A650EA00A251D1 /* NSParagraphStyle+YYText.m in Sources */,
				7F12075D21A650EA00A251D1 /* YYTextAsyncLayer.m in Sources */,
				7F12075321A650EA00A251D1 /* YYTextParser.m in Sources */,
				7F12075421A650EA00A251D1 /* YYTextAttribute.m in Sources */,
				7F12075A21A650EA00A251D1 /* UIPasteboard+YYText.m in Sources */,
				7F8191A3204D827400FCA686 /* AppDelegate.m in Sources */,
				7F12074A21A650EA00A251D1 /* YYTextEffectWindow.m in Sources */,
				7F12075921A650EA00A251D1 /* NSAttributedString+YYText.m in Sources */,
				7F12075521A650EA00A251D1 /* YYTextArchiver.m in Sources */,
				7F12074C21A650EA00A251D1 /* YYTextLayout.m in Sources */,
				7F12074E21A650EA00A251D1 /* YYTextSelectionView.m in Sources */,
				7F12075E21A650EA00A251D1 /* YYTextWeakProxy.m in Sources */,
				7F12074721A650EA00A251D1 /* YYTextView.m in Sources */,
				7F12074821A650EA00A251D1 /* YYTextMagnifier.m in Sources */,
				7F8191DA204D828100FCA686 /* NSMutableAttributedString+XWTagView.m in Sources */,
				7F12075221A650EA00A251D1 /* YYTextRunDelegate.m in Sources */,
				7F8191DB204D828100FCA686 /* XWTagMaker.m in Sources */,
				7F12075121A650EA00A251D1 /* YYLabel.m in Sources */,
				7F12074F21A650EA00A251D1 /* YYTextKeyboardManager.m in Sources */,
				7F12074B21A650EA00A251D1 /* YYTextInput.m in Sources */,
				7F12075721A650EA00A251D1 /* YYTextUtilities.m in Sources */,
				7F12075621A650EA00A251D1 /* YYTextRubyAnnotation.m in Sources */,
			);
			runOnlyForDeploymentPostprocessing = 0;
		};
		7F8191B2204D827400FCA686 /* Sources */ = {
			isa = PBXSourcesBuildPhase;
			buildActionMask = 2147483647;
			files = (
				7F8191BB204D827400FCA686 /* AsynTagViewTests.m in Sources */,
			);
			runOnlyForDeploymentPostprocessing = 0;
		};
		7F8191BD204D827400FCA686 /* Sources */ = {
			isa = PBXSourcesBuildPhase;
			buildActionMask = 2147483647;
			files = (
				7F8191C6204D827400FCA686 /* AsynTagViewUITests.m in Sources */,
			);
			runOnlyForDeploymentPostprocessing = 0;
		};
/* End PBXSourcesBuildPhase section */

/* Begin PBXTargetDependency section */
		7F8191B8204D827400FCA686 /* PBXTargetDependency */ = {
			isa = PBXTargetDependency;
			target = 7F81919D204D827400FCA686 /* AsynTagView */;
			targetProxy = 7F8191B7204D827400FCA686 /* PBXContainerItemProxy */;
		};
		7F8191C3204D827400FCA686 /* PBXTargetDependency */ = {
			isa = PBXTargetDependency;
			target = 7F81919D204D827400FCA686 /* AsynTagView */;
			targetProxy = 7F8191C2204D827400FCA686 /* PBXContainerItemProxy */;
		};
/* End PBXTargetDependency section */

/* Begin PBXVariantGroup section */
		7F8191A7204D827400FCA686 /* Main.storyboard */ = {
			isa = PBXVariantGroup;
			children = (
				7F8191A8204D827400FCA686 /* Base */,
			);
			name = Main.storyboard;
			sourceTree = "<group>";
		};
		7F8191AC204D827400FCA686 /* LaunchScreen.storyboard */ = {
			isa = PBXVariantGroup;
			children = (
				7F8191AD204D827400FCA686 /* Base */,
			);
			name = LaunchScreen.storyboard;
			sourceTree = "<group>";
		};
/* End PBXVariantGroup section */

/* Begin XCBuildConfiguration section */
		7F8191C8204D827400FCA686 /* Debug */ = {
			isa = XCBuildConfiguration;
			buildSettings = {
				ALWAYS_SEARCH_USER_PATHS = NO;
				CLANG_ANALYZER_NONNULL = YES;
				CLANG_ANALYZER_NUMBER_OBJECT_CONVERSION = YES_AGGRESSIVE;
				CLANG_CXX_LANGUAGE_STANDARD = "gnu++14";
				CLANG_CXX_LIBRARY = "libc++";
				CLANG_ENABLE_MODULES = YES;
				CLANG_ENABLE_OBJC_ARC = YES;
				CLANG_WARN_BLOCK_CAPTURE_AUTORELEASING = YES;
				CLANG_WARN_BOOL_CONVERSION = YES;
				CLANG_WARN_COMMA = YES;
				CLANG_WARN_CONSTANT_CONVERSION = YES;
				CLANG_WARN_DIRECT_OBJC_ISA_USAGE = YES_ERROR;
				CLANG_WARN_DOCUMENTATION_COMMENTS = YES;
				CLANG_WARN_EMPTY_BODY = YES;
				CLANG_WARN_ENUM_CONVERSION = YES;
				CLANG_WARN_INFINITE_RECURSION = YES;
				CLANG_WARN_INT_CONVERSION = YES;
				CLANG_WARN_NON_LITERAL_NULL_CONVERSION = YES;
				CLANG_WARN_OBJC_LITERAL_CONVERSION = YES;
				CLANG_WARN_OBJC_ROOT_CLASS = YES_ERROR;
				CLANG_WARN_RANGE_LOOP_ANALYSIS = YES;
				CLANG_WARN_STRICT_PROTOTYPES = YES;
				CLANG_WARN_SUSPICIOUS_MOVE = YES;
				CLANG_WARN_UNGUARDED_AVAILABILITY = YES_AGGRESSIVE;
				CLANG_WARN_UNREACHABLE_CODE = YES;
				CLANG_WARN__DUPLICATE_METHOD_MATCH = YES;
				CODE_SIGN_IDENTITY = "iPhone Developer";
				COPY_PHASE_STRIP = NO;
				DEBUG_INFORMATION_FORMAT = dwarf;
				ENABLE_STRICT_OBJC_MSGSEND = YES;
				ENABLE_TESTABILITY = YES;
				GCC_C_LANGUAGE_STANDARD = gnu11;
				GCC_DYNAMIC_NO_PIC = NO;
				GCC_NO_COMMON_BLOCKS = YES;
				GCC_OPTIMIZATION_LEVEL = 0;
				GCC_PREPROCESSOR_DEFINITIONS = (
					"DEBUG=1",
					"$(inherited)",
				);
				GCC_WARN_64_TO_32_BIT_CONVERSION = YES;
				GCC_WARN_ABOUT_RETURN_TYPE = YES_ERROR;
				GCC_WARN_UNDECLARED_SELECTOR = YES;
				GCC_WARN_UNINITIALIZED_AUTOS = YES_AGGRESSIVE;
				GCC_WARN_UNUSED_FUNCTION = YES;
				GCC_WARN_UNUSED_VARIABLE = YES;
				IPHONEOS_DEPLOYMENT_TARGET = 11.2;
				MTL_ENABLE_DEBUG_INFO = YES;
				ONLY_ACTIVE_ARCH = YES;
				SDKROOT = iphoneos;
			};
			name = Debug;
		};
		7F8191C9204D827400FCA686 /* Release */ = {
			isa = XCBuildConfiguration;
			buildSettings = {
				ALWAYS_SEARCH_USER_PATHS = NO;
				CLANG_ANALYZER_NONNULL = YES;
				CLANG_ANALYZER_NUMBER_OBJECT_CONVERSION = YES_AGGRESSIVE;
				CLANG_CXX_LANGUAGE_STANDARD = "gnu++14";
				CLANG_CXX_LIBRARY = "libc++";
				CLANG_ENABLE_MODULES = YES;
				CLANG_ENABLE_OBJC_ARC = YES;
				CLANG_WARN_BLOCK_CAPTURE_AUTORELEASING = YES;
				CLANG_WARN_BOOL_CONVERSION = YES;
				CLANG_WARN_COMMA = YES;
				CLANG_WARN_CONSTANT_CONVERSION = YES;
				CLANG_WARN_DIRECT_OBJC_ISA_USAGE = YES_ERROR;
				CLANG_WARN_DOCUMENTATION_COMMENTS = YES;
				CLANG_WARN_EMPTY_BODY = YES;
				CLANG_WARN_ENUM_CONVERSION = YES;
				CLANG_WARN_INFINITE_RECURSION = YES;
				CLANG_WARN_INT_CONVERSION = YES;
				CLANG_WARN_NON_LITERAL_NULL_CONVERSION = YES;
				CLANG_WARN_OBJC_LITERAL_CONVERSION = YES;
				CLANG_WARN_OBJC_ROOT_CLASS = YES_ERROR;
				CLANG_WARN_RANGE_LOOP_ANALYSIS = YES;
				CLANG_WARN_STRICT_PROTOTYPES = YES;
				CLANG_WARN_SUSPICIOUS_MOVE = YES;
				CLANG_WARN_UNGUARDED_AVAILABILITY = YES_AGGRESSIVE;
				CLANG_WARN_UNREACHABLE_CODE = YES;
				CLANG_WARN__DUPLICATE_METHOD_MATCH = YES;
				CODE_SIGN_IDENTITY = "iPhone Developer";
				COPY_PHASE_STRIP = NO;
				DEBUG_INFORMATION_FORMAT = "dwarf-with-dsym";
				ENABLE_NS_ASSERTIONS = NO;
				ENABLE_STRICT_OBJC_MSGSEND = YES;
				GCC_C_LANGUAGE_STANDARD = gnu11;
				GCC_NO_COMMON_BLOCKS = YES;
				GCC_WARN_64_TO_32_BIT_CONVERSION = YES;
				GCC_WARN_ABOUT_RETURN_TYPE = YES_ERROR;
				GCC_WARN_UNDECLARED_SELECTOR = YES;
				GCC_WARN_UNINITIALIZED_AUTOS = YES_AGGRESSIVE;
				GCC_WARN_UNUSED_FUNCTION = YES;
				GCC_WARN_UNUSED_VARIABLE = YES;
				IPHONEOS_DEPLOYMENT_TARGET = 11.2;
				MTL_ENABLE_DEBUG_INFO = NO;
				SDKROOT = iphoneos;
				VALIDATE_PRODUCT = YES;
			};
			name = Release;
		};
		7F8191CB204D827400FCA686 /* Debug */ = {
			isa = XCBuildConfiguration;
			buildSettings = {
				ASSETCATALOG_COMPILER_APPICON_NAME = AppIcon;
				CODE_SIGN_STYLE = Automatic;
				DEVELOPMENT_TEAM = GZXE973JP7;
				INFOPLIST_FILE = AsynTagView/Info.plist;
				LD_RUNPATH_SEARCH_PATHS = "$(inherited) @executable_path/Frameworks";
				PRODUCT_BUNDLE_IDENTIFIER = com.wangjianshi.github.AsynTagView;
				PRODUCT_NAME = "$(TARGET_NAME)";
				TARGETED_DEVICE_FAMILY = "1,2";
			};
			name = Debug;
		};
		7F8191CC204D827400FCA686 /* Release */ = {
			isa = XCBuildConfiguration;
			buildSettings = {
				ASSETCATALOG_COMPILER_APPICON_NAME = AppIcon;
				CODE_SIGN_STYLE = Automatic;
				DEVELOPMENT_TEAM = GZXE973JP7;
				INFOPLIST_FILE = AsynTagView/Info.plist;
				LD_RUNPATH_SEARCH_PATHS = "$(inherited) @executable_path/Frameworks";
				PRODUCT_BUNDLE_IDENTIFIER = com.wangjianshi.github.AsynTagView;
				PRODUCT_NAME = "$(TARGET_NAME)";
				TARGETED_DEVICE_FAMILY = "1,2";
			};
			name = Release;
		};
		7F8191CE204D827400FCA686 /* Debug */ = {
			isa = XCBuildConfiguration;
			buildSettings = {
				BUNDLE_LOADER = "$(TEST_HOST)";
				CODE_SIGN_STYLE = Automatic;
				DEVELOPMENT_TEAM = GZXE973JP7;
				INFOPLIST_FILE = AsynTagViewTests/Info.plist;
				LD_RUNPATH_SEARCH_PATHS = "$(inherited) @executable_path/Frameworks @loader_path/Frameworks";
				PRODUCT_BUNDLE_IDENTIFIER = com.wangjianshi.github.AsynTagViewTests;
				PRODUCT_NAME = "$(TARGET_NAME)";
				TARGETED_DEVICE_FAMILY = "1,2";
				TEST_HOST = "$(BUILT_PRODUCTS_DIR)/AsynTagView.app/AsynTagView";
			};
			name = Debug;
		};
		7F8191CF204D827400FCA686 /* Release */ = {
			isa = XCBuildConfiguration;
			buildSettings = {
				BUNDLE_LOADER = "$(TEST_HOST)";
				CODE_SIGN_STYLE = Automatic;
				DEVELOPMENT_TEAM = GZXE973JP7;
				INFOPLIST_FILE = AsynTagViewTests/Info.plist;
				LD_RUNPATH_SEARCH_PATHS = "$(inherited) @executable_path/Frameworks @loader_path/Frameworks";
				PRODUCT_BUNDLE_IDENTIFIER = com.wangjianshi.github.AsynTagViewTests;
				PRODUCT_NAME = "$(TARGET_NAME)";
				TARGETED_DEVICE_FAMILY = "1,2";
				TEST_HOST = "$(BUILT_PRODUCTS_DIR)/AsynTagView.app/AsynTagView";
			};
			name = Release;
		};
		7F8191D1204D827400FCA686 /* Debug */ = {
			isa = XCBuildConfiguration;
			buildSettings = {
				CODE_SIGN_STYLE = Automatic;
				DEVELOPMENT_TEAM = GZXE973JP7;
				INFOPLIST_FILE = AsynTagViewUITests/Info.plist;
				LD_RUNPATH_SEARCH_PATHS = "$(inherited) @executable_path/Frameworks @loader_path/Frameworks";
				PRODUCT_BUNDLE_IDENTIFIER = com.wangjianshi.github.AsynTagViewUITests;
				PRODUCT_NAME = "$(TARGET_NAME)";
				TARGETED_DEVICE_FAMILY = "1,2";
				TEST_TARGET_NAME = AsynTagView;
			};
			name = Debug;
		};
		7F8191D2204D827400FCA686 /* Release */ = {
			isa = XCBuildConfiguration;
			buildSettings = {
				CODE_SIGN_STYLE = Automatic;
				DEVELOPMENT_TEAM = GZXE973JP7;
				INFOPLIST_FILE = AsynTagViewUITests/Info.plist;
				LD_RUNPATH_SEARCH_PATHS = "$(inherited) @executable_path/Frameworks @loader_path/Frameworks";
				PRODUCT_BUNDLE_IDENTIFIER = com.wangjianshi.github.AsynTagViewUITests;
				PRODUCT_NAME = "$(TARGET_NAME)";
				TARGETED_DEVICE_FAMILY = "1,2";
				TEST_TARGET_NAME = AsynTagView;
			};
			name = Release;
		};
/* End XCBuildConfiguration section */

/* Begin XCConfigurationList section */
		7F819199204D827400FCA686 /* Build configuration list for PBXProject "AsynTagView" */ = {
			isa = XCConfigurationList;
			buildConfigurations = (
				7F8191C8204D827400FCA686 /* Debug */,
				7F8191C9204D827400FCA686 /* Release */,
			);
			defaultConfigurationIsVisible = 0;
			defaultConfigurationName = Release;
		};
		7F8191CA204D827400FCA686 /* Build configuration list for PBXNativeTarget "AsynTagView" */ = {
			isa = XCConfigurationList;
			buildConfigurations = (
				7F8191CB204D827400FCA686 /* Debug */,
				7F8191CC204D827400FCA686 /* Release */,
			);
			defaultConfigurationIsVisible = 0;
			defaultConfigurationName = Release;
		};
		7F8191CD204D827400FCA686 /* Build configuration list for PBXNativeTarget "AsynTagViewTests" */ = {
			isa = XCConfigurationList;
			buildConfigurations = (
				7F8191CE204D827400FCA686 /* Debug */,
				7F8191CF204D827400FCA686 /* Release */,
			);
			defaultConfigurationIsVisible = 0;
			defaultConfigurationName = Release;
		};
		7F8191D0204D827400FCA686 /* Build configuration list for PBXNativeTarget "AsynTagViewUITests" */ = {
			isa = XCConfigurationList;
			buildConfigurations = (
				7F8191D1204D827400FCA686 /* Debug */,
				7F8191D2204D827400FCA686 /* Release */,
			);
			defaultConfigurationIsVisible = 0;
			defaultConfigurationName = Release;
		};
/* End XCConfigurationList section */
	};
	rootObject = 7F819196204D827400FCA686 /* Project object */;
}
